
Microsoft Visual Studio Solution File, Format Version 12.00
# Visual Studio 15
VisualStudioVersion = 15.0.28010.2046
MinimumVisualStudioVersion = 10.0.40219.1
Project("{FAE04EC0-301F-11D3-BF4B-00C04F79EFBC}") = "Bull(PC game)", "Bull(PC game)\Bull(PC game).csproj", "{84263BA9-4AFA-4858-A610-5DD631F58E94}"
EndProject
Global
	GlobalSection(SolutionConfigurationPlatforms) = preSolution
		Debug|Any CPU = Debug|Any CPU
		Release|Any CPU = Release|Any CPU
	EndGlobalSection
	GlobalSection(ProjectConfigurationPlatforms) = postSolution
		{84263BA9-4AFA-4858-A610-5DD631F58E94}.Debug|Any CPU.ActiveCfg = Debug|Any CPU
		{84263BA9-4AFA-4858-A610-5DD631F58E94}.Debug|Any CPU.Build.0 = Debug|Any CPU
		{84263BA9-4AFA-4858-A610-5DD631F58E94}.Release|Any CPU.ActiveCfg = Release|Any CPU
		{84263BA9-4AFA-4858-A610-5DD631F58E94}.Release|Any CPU.Build.0 = Release|Any CPU
	EndGlobalSection
	GlobalSection(SolutionProperties) = preSolution
		HideSolutionNode = FALSE
	EndGlobalSection
	GlobalSection(ExtensibilityGlobals) = postSolution
		SolutionGuid = {2016D7FB-7186-48E0-820D-A4D65A0A6894}
	EndGlobalSection
EndGlobal
